
Microsoft Visual Studio Solution File, Format Version 12.00
# Visual Studio 15
VisualStudioVersion = 15.0.26730.10
MinimumVisualStudioVersion = 10.0.40219.1
Project("{9A19103F-16F7-4668-BE54-9A1E7A4F7556}") = "WebApplication", "WebApplication\WebApplication.csproj", "{8DF52151-D372-441E-8C6B-1FDAE07DAA87}"
EndProject
Project("{9A19103F-16F7-4668-BE54-9A1E7A4F7556}") = "WebStandards", "WebStandards\WebStandards.csproj", "{419C3E24-13F6-4143-86B4-4D11721F0D4F}"
EndProject
Project("{FAE04EC0-301F-11D3-BF4B-00C04F79EFBC}") = "Analyzer", "Analyzer\Analyzer.csproj", "{809B78C0-F977-4835-BFD3-E35C33950C36}"
EndProject
Global
	GlobalSection(SolutionConfigurationPlatforms) = preSolution
		Debug|Any CPU = Debug|Any CPU
		Release|Any CPU = Release|Any CPU
	EndGlobalSection
	GlobalSection(ProjectConfigurationPlatforms) = postSolution
		{8DF52151-D372-441E-8C6B-1FDAE07DAA87}.Debug|Any CPU.ActiveCfg = Debug|Any CPU
		{8DF52151-D372-441E-8C6B-1FDAE07DAA87}.Debug|Any CPU.Build.0 = Debug|Any CPU
		{8DF52151-D372-441E-8C6B-1FDAE07DAA87}.Release|Any CPU.ActiveCfg = Release|Any CPU
		{8DF52151-D372-441E-8C6B-1FDAE07DAA87}.Release|Any CPU.Build.0 = Release|Any CPU
		{419C3E24-13F6-4143-86B4-4D11721F0D4F}.Debug|Any CPU.ActiveCfg = Debug|Any CPU
		{419C3E24-13F6-4143-86B4-4D11721F0D4F}.Debug|Any CPU.Build.0 = Debug|Any CPU
		{419C3E24-13F6-4143-86B4-4D11721F0D4F}.Release|Any CPU.ActiveCfg = Release|Any CPU
		{419C3E24-13F6-4143-86B4-4D11721F0D4F}.Release|Any CPU.Build.0 = Release|Any CPU
		{809B78C0-F977-4835-BFD3-E35C33950C36}.Debug|Any CPU.ActiveCfg = Debug|Any CPU
		{809B78C0-F977-4835-BFD3-E35C33950C36}.Debug|Any CPU.Build.0 = Debug|Any CPU
		{809B78C0-F977-4835-BFD3-E35C33950C36}.Release|Any CPU.ActiveCfg = Release|Any CPU
		{809B78C0-F977-4835-BFD3-E35C33950C36}.Release|Any CPU.Build.0 = Release|Any CPU
	EndGlobalSection
	GlobalSection(SolutionProperties) = preSolution
		HideSolutionNode = FALSE
	EndGlobalSection
	GlobalSection(ExtensibilityGlobals) = postSolution
		SolutionGuid = {A927E670-6EBE-4971-BF71-8FB6D5D760F4}
	EndGlobalSection
EndGlobal
